
Microsoft Visual Studio Solution File, Format Version 12.00
# Visual Studio Version 16
VisualStudioVersion = 16.0.29613.14
MinimumVisualStudioVersion = 10.0.40219.1
Project("{FAE04EC0-301F-11D3-BF4B-00C04F79EFBC}") = "Tail", "Tail\Tail.csproj", "{991EC086-DE7C-4EE1-8DAE-A0BA7DEC1446}"
EndProject
Global
	GlobalSection(SolutionConfigurationPlatforms) = preSolution
		Debug|Any CPU = Debug|Any CPU
		Release|Any CPU = Release|Any CPU
	EndGlobalSection
	GlobalSection(ProjectConfigurationPlatforms) = postSolution
		{991EC086-DE7C-4EE1-8DAE-A0BA7DEC1446}.Debug|Any CPU.ActiveCfg = Debug|Any CPU
		{991EC086-DE7C-4EE1-8DAE-A0BA7DEC1446}.Debug|Any CPU.Build.0 = Debug|Any CPU
		{991EC086-DE7C-4EE1-8DAE-A0BA7DEC1446}.Release|Any CPU.ActiveCfg = Release|Any CPU
		{991EC086-DE7C-4EE1-8DAE-A0BA7DEC1446}.Release|Any CPU.Build.0 = Release|Any CPU
	EndGlobalSection
	GlobalSection(SolutionProperties) = preSolution
		HideSolutionNode = FALSE
	EndGlobalSection
	GlobalSection(ExtensibilityGlobals) = postSolution
		SolutionGuid = {20475FF2-37BF-4549-AF94-7D87A55C9A81}
	EndGlobalSection
EndGlobal
